// !$*UTF8*$!
{
	archiveVersion = 1;
	classes = {
	};
	objectVersion = 56;
	objects = {

/* Begin PBXBuildFile section */
		97FF84B42A412DBF005E9575 /* AppleWatchConnectApp.swift in Sources */ = {isa = PBXBuildFile; fileRef = 97FF84B32A412DBF005E9575 /* AppleWatchConnectApp.swift */; };
		97FF84B62A412DBF005E9575 /* ContentView.swift in Sources */ = {isa = PBXBuildFile; fileRef = 97FF84B52A412DBF005E9575 /* ContentView.swift */; };
		97FF84B82A412DC1005E9575 /* Assets.xcassets in Resources */ = {isa = PBXBuildFile; fileRef = 97FF84B72A412DC1005E9575 /* Assets.xcassets */; };
		97FF84BB2A412DC1005E9575 /* Preview Assets.xcassets in Resources */ = {isa = PBXBuildFile; fileRef = 97FF84BA2A412DC1005E9575 /* Preview Assets.xcassets */; };
		97FF84DF2A412E2C005E9575 /* WatchSessionManager.swift in Sources */ = {isa = PBXBuildFile; fileRef = 97FF84DE2A412E2C005E9575 /* WatchSessionManager.swift */; };
		97FF84E22A412EF9005E9575 /* AppDelegate.swift in Sources */ = {isa = PBXBuildFile; fileRef = 97FF84E12A412EF9005E9575 /* AppDelegate.swift */; };
		97FF850E2A427691005E9575 /* WatchAppApp.swift in Sources */ = {isa = PBXBuildFile; fileRef = 97FF850D2A427691005E9575 /* WatchAppApp.swift */; };
		97FF85102A427691005E9575 /* ContentView.swift in Sources */ = {isa = PBXBuildFile; fileRef = 97FF850F2A427691005E9575 /* ContentView.swift */; };
		97FF85122A427692005E9575 /* Assets.xcassets in Resources */ = {isa = PBXBuildFile; fileRef = 97FF85112A427692005E9575 /* Assets.xcassets */; };
		97FF85152A427692005E9575 /* Preview Assets.xcassets in Resources */ = {isa = PBXBuildFile; fileRef = 97FF85142A427692005E9575 /* Preview Assets.xcassets */; };
		97FF85182A427692005E9575 /* WatchApp Watch App.app in Embed Watch Content */ = {isa = PBXBuildFile; fileRef = 97FF850B2A427690005E9575 /* WatchApp Watch App.app */; settings = {ATTRIBUTES = (RemoveHeadersOnCopy, ); }; };
		97FF851C2A4276F9005E9575 /* WatchSessionManager.swift in Sources */ = {isa = PBXBuildFile; fileRef = 97FF84DE2A412E2C005E9575 /* WatchSessionManager.swift */; };
		97FF851E2A427A11005E9575 /* AppDelegate.swift in Sources */ = {isa = PBXBuildFile; fileRef = 97FF851D2A427A11005E9575 /* AppDelegate.swift */; };
/* End PBXBuildFile section */

/* Begin PBXContainerItemProxy section */
		97FF85162A427692005E9575 /* PBXContainerItemProxy */ = {
			isa = PBXContainerItemProxy;
			containerPortal = 97FF84A82A412DBF005E9575 /* Project object */;
			proxyType = 1;
			remoteGlobalIDString = 97FF850A2A427690005E9575;
			remoteInfo = "WatchApp Watch App";
		};
/* End PBXContainerItemProxy section */

/* Begin PBXCopyFilesBuildPhase section */
		97FF85032A426C02005E9575 /* Embed Watch Content */ = {
			isa = PBXCopyFilesBuildPhase;
			buildActionMask = 2147483647;
			dstPath = "$(CONTENTS_FOLDER_PATH)/Watch";
			dstSubfolderSpec = 16;
			files = (
				97FF85182A427692005E9575 /* WatchApp Watch App.app in Embed Watch Content */,
			);
			name = "Embed Watch Content";
			runOnlyForDeploymentPostprocessing = 0;
		};
/* End PBXCopyFilesBuildPhase section */

/* Begin PBXFileReference section */
		97FF84B02A412DBF005E9575 /* AppleWatchConnect.app */ = {isa = PBXFileReference; explicitFileType = wrapper.application; includeInIndex = 0; path = AppleWatchConnect.app; sourceTree = BUILT_PRODUCTS_DIR; };
		97FF84B32A412DBF005E9575 /* AppleWatchConnectApp.swift */ = {isa = PBXFileReference; lastKnownFileType = sourcecode.swift; path = AppleWatchConnectApp.swift; sourceTree = "<group>"; };
		97FF84B52A412DBF005E9575 /* ContentView.swift */ = {isa = PBXFileReference; lastKnownFileType = sourcecode.swift; path = ContentView.swift; sourceTree = "<group>"; };
		97FF84B72A412DC1005E9575 /* Assets.xcassets */ = {isa = PBXFileReference; lastKnownFileType = folder.assetcatalog; path = Assets.xcassets; sourceTree = "<group>"; };
		97FF84BA2A412DC1005E9575 /* Preview Assets.xcassets */ = {isa = PBXFileReference; lastKnownFileType = folder.assetcatalog; path = "Preview Assets.xcassets"; sourceTree = "<group>"; };
		97FF84DE2A412E2C005E9575 /* WatchSessionManager.swift */ = {isa = PBXFileReference; lastKnownFileType = sourcecode.swift; path = WatchSessionManager.swift; sourceTree = "<group>"; };
		97FF84E12A412EF9005E9575 /* AppDelegate.swift */ = {isa = PBXFileReference; lastKnownFileType = sourcecode.swift; path = AppDelegate.swift; sourceTree = "<group>"; };
		97FF84E42A42222C005E9575 /* WatchConnectivity.framework */ = {isa = PBXFileReference; lastKnownFileType = wrapper.framework; name = WatchConnectivity.framework; path = System/Library/Frameworks/WatchConnectivity.framework; sourceTree = SDKROOT; };
		97FF84E92A422244005E9575 /* WatchConnectivity.framework */ = {isa = PBXFileReference; lastKnownFileType = wrapper.framework; name = WatchConnectivity.framework; path = Platforms/WatchOS.platform/Developer/SDKs/WatchOS9.4.sdk/System/Library/Frameworks/WatchConnectivity.framework; sourceTree = DEVELOPER_DIR; };
		97FF850B2A427690005E9575 /* WatchApp Watch App.app */ = {isa = PBXFileReference; explicitFileType = wrapper.application; includeInIndex = 0; path = "WatchApp Watch App.app"; sourceTree = BUILT_PRODUCTS_DIR; };
		97FF850D2A427691005E9575 /* WatchAppApp.swift */ = {isa = PBXFileReference; lastKnownFileType = sourcecode.swift; path = WatchAppApp.swift; sourceTree = "<group>"; };
		97FF850F2A427691005E9575 /* ContentView.swift */ = {isa = PBXFileReference; lastKnownFileType = sourcecode.swift; path = ContentView.swift; sourceTree = "<group>"; };
		97FF85112A427692005E9575 /* Assets.xcassets */ = {isa = PBXFileReference; lastKnownFileType = folder.assetcatalog; path = Assets.xcassets; sourceTree = "<group>"; };
		97FF85142A427692005E9575 /* Preview Assets.xcassets */ = {isa = PBXFileReference; lastKnownFileType = folder.assetcatalog; path = "Preview Assets.xcassets"; sourceTree = "<group>"; };
		97FF851D2A427A11005E9575 /* AppDelegate.swift */ = {isa = PBXFileReference; lastKnownFileType = sourcecode.swift; path = AppDelegate.swift; sourceTree = "<group>"; };
/* End PBXFileReference section */

/* Begin PBXFrameworksBuildPhase section */
		97FF84AD2A412DBF005E9575 /* Frameworks */ = {
			isa = PBXFrameworksBuildPhase;
			buildActionMask = 2147483647;
			files = (
			);
			runOnlyForDeploymentPostprocessing = 0;
		};
		97FF85082A427690005E9575 /* Frameworks */ = {
			isa = PBXFrameworksBuildPhase;
			buildActionMask = 2147483647;
			files = (
			);
			runOnlyForDeploymentPostprocessing = 0;
		};
/* End PBXFrameworksBuildPhase section */

/* Begin PBXGroup section */
		97FF84A72A412DBF005E9575 = {
			isa = PBXGroup;
			children = (
				97FF84B22A412DBF005E9575 /* AppleWatchConnect */,
				97FF850C2A427691005E9575 /* WatchApp Watch App */,
				97FF84DD2A412DFB005E9575 /* Shared */,
				97FF84B12A412DBF005E9575 /* Products */,
				97FF84E32A42222C005E9575 /* Frameworks */,
			);
			sourceTree = "<group>";
		};
		97FF84B12A412DBF005E9575 /* Products */ = {
			isa = PBXGroup;
			children = (
				97FF84B02A412DBF005E9575 /* AppleWatchConnect.app */,
				97FF850B2A427690005E9575 /* WatchApp Watch App.app */,
			);
			name = Products;
			sourceTree = "<group>";
		};
		97FF84B22A412DBF005E9575 /* AppleWatchConnect */ = {
			isa = PBXGroup;
			children = (
				97FF84E12A412EF9005E9575 /* AppDelegate.swift */,
				97FF84B32A412DBF005E9575 /* AppleWatchConnectApp.swift */,
				97FF84B52A412DBF005E9575 /* ContentView.swift */,
				97FF84B72A412DC1005E9575 /* Assets.xcassets */,
				97FF84B92A412DC1005E9575 /* Preview Content */,
			);
			path = AppleWatchConnect;
			sourceTree = "<group>";
		};
		97FF84B92A412DC1005E9575 /* Preview Content */ = {
			isa = PBXGroup;
			children = (
				97FF84BA2A412DC1005E9575 /* Preview Assets.xcassets */,
			);
			path = "Preview Content";
			sourceTree = "<group>";
		};
		97FF84DD2A412DFB005E9575 /* Shared */ = {
			isa = PBXGroup;
			children = (
				97FF84DE2A412E2C005E9575 /* WatchSessionManager.swift */,
			);
			name = Shared;
			sourceTree = "<group>";
		};
		97FF84E32A42222C005E9575 /* Frameworks */ = {
			isa = PBXGroup;
			children = (
				97FF84E92A422244005E9575 /* WatchConnectivity.framework */,
				97FF84E42A42222C005E9575 /* WatchConnectivity.framework */,
			);
			name = Frameworks;
			sourceTree = "<group>";
		};
		97FF850C2A427691005E9575 /* WatchApp Watch App */ = {
			isa = PBXGroup;
			children = (
				97FF851D2A427A11005E9575 /* AppDelegate.swift */,
				97FF850D2A427691005E9575 /* WatchAppApp.swift */,
				97FF850F2A427691005E9575 /* ContentView.swift */,
				97FF85112A427692005E9575 /* Assets.xcassets */,
				97FF85132A427692005E9575 /* Preview Content */,
			);
			path = "WatchApp Watch App";
			sourceTree = "<group>";
		};
		97FF85132A427692005E9575 /* Preview Content */ = {
			isa = PBXGroup;
			children = (
				97FF85142A427692005E9575 /* Preview Assets.xcassets */,
			);
			path = "Preview Content";
			sourceTree = "<group>";
		};
/* End PBXGroup section */

/* Begin PBXNativeTarget section */
		97FF84AF2A412DBF005E9575 /* AppleWatchConnect */ = {
			isa = PBXNativeTarget;
			buildConfigurationList = 97FF84BE2A412DC1005E9575 /* Build configuration list for PBXNativeTarget "AppleWatchConnect" */;
			buildPhases = (
				97FF84AC2A412DBF005E9575 /* Sources */,
				97FF84AD2A412DBF005E9575 /* Frameworks */,
				97FF84AE2A412DBF005E9575 /* Resources */,
				97FF85032A426C02005E9575 /* Embed Watch Content */,
			);
			buildRules = (
			);
			dependencies = (
				97FF85172A427692005E9575 /* PBXTargetDependency */,
			);
			name = AppleWatchConnect;
			productName = AppleWatchConnect;
			productReference = 97FF84B02A412DBF005E9575 /* AppleWatchConnect.app */;
			productType = "com.apple.product-type.application";
		};
		97FF850A2A427690005E9575 /* WatchApp Watch App */ = {
			isa = PBXNativeTarget;
			buildConfigurationList = 97FF85192A427692005E9575 /* Build configuration list for PBXNativeTarget "WatchApp Watch App" */;
			buildPhases = (
				97FF85072A427690005E9575 /* Sources */,
				97FF85082A427690005E9575 /* Frameworks */,
				97FF85092A427690005E9575 /* Resources */,
			);
			buildRules = (
			);
			dependencies = (
			);
			name = "WatchApp Watch App";
			productName = "WatchApp Watch App";
			productReference = 97FF850B2A427690005E9575 /* WatchApp Watch App.app */;
			productType = "com.apple.product-type.application";
		};
/* End PBXNativeTarget section */

/* Begin PBXProject section */
		97FF84A82A412DBF005E9575 /* Project object */ = {
			isa = PBXProject;
			attributes = {
				BuildIndependentTargetsInParallel = 1;
				LastSwiftUpdateCheck = 1430;
				LastUpgradeCheck = 1430;
				TargetAttributes = {
					97FF84AF2A412DBF005E9575 = {
						CreatedOnToolsVersion = 14.3;
					};
					97FF850A2A427690005E9575 = {
						CreatedOnToolsVersion = 14.3;
					};
				};
			};
			buildConfigurationList = 97FF84AB2A412DBF005E9575 /* Build configuration list for PBXProject "AppleWatchConnect" */;
			compatibilityVersion = "Xcode 14.0";
			developmentRegion = en;
			hasScannedForEncodings = 0;
			knownRegions = (
				en,
				Base,
			);
			mainGroup = 97FF84A72A412DBF005E9575;
			productRefGroup = 97FF84B12A412DBF005E9575 /* Products */;
			projectDirPath = "";
			projectRoot = "";
			targets = (
				97FF84AF2A412DBF005E9575 /* AppleWatchConnect */,
				97FF850A2A427690005E9575 /* WatchApp Watch App */,
			);
		};
/* End PBXProject section */

/* Begin PBXResourcesBuildPhase section */
		97FF84AE2A412DBF005E9575 /* Resources */ = {
			isa = PBXResourcesBuildPhase;
			buildActionMask = 2147483647;
			files = (
				97FF84BB2A412DC1005E9575 /* Preview Assets.xcassets in Resources */,
				97FF84B82A412DC1005E9575 /* Assets.xcassets in Resources */,
			);
			runOnlyForDeploymentPostprocessing = 0;
		};
		97FF85092A427690005E9575 /* Resources */ = {
			isa = PBXResourcesBuildPhase;
			buildActionMask = 2147483647;
			files = (
				97FF85152A427692005E9575 /* Preview Assets.xcassets in Resources */,
				97FF85122A427692005E9575 /* Assets.xcassets in Resources */,
			);
			runOnlyForDeploymentPostprocessing = 0;
		};
/* End PBXResourcesBuildPhase section */

/* Begin PBXSourcesBuildPhase section */
		97FF84AC2A412DBF005E9575 /* Sources */ = {
			isa = PBXSourcesBuildPhase;
			buildActionMask = 2147483647;
			files = (
				97FF84E22A412EF9005E9575 /* AppDelegate.swift in Sources */,
				97FF84DF2A412E2C005E9575 /* WatchSessionManager.swift in Sources */,
				97FF84B62A412DBF005E9575 /* ContentView.swift in Sources */,
				97FF84B42A412DBF005E9575 /* AppleWatchConnectApp.swift in Sources */,
			);
			runOnlyForDeploymentPostprocessing = 0;
		};
		97FF85072A427690005E9575 /* Sources */ = {
			isa = PBXSourcesBuildPhase;
			buildActionMask = 2147483647;
			files = (
				97FF851E2A427A11005E9575 /* AppDelegate.swift in Sources */,
				97FF851C2A4276F9005E9575 /* WatchSessionManager.swift in Sources */,
				97FF85102A427691005E9575 /* ContentView.swift in Sources */,
				97FF850E2A427691005E9575 /* WatchAppApp.swift in Sources */,
			);
			runOnlyForDeploymentPostprocessing = 0;
		};
/* End PBXSourcesBuildPhase section */

/* Begin PBXTargetDependency section */
		97FF85172A427692005E9575 /* PBXTargetDependency */ = {
			isa = PBXTargetDependency;
			target = 97FF850A2A427690005E9575 /* WatchApp Watch App */;
			targetProxy = 97FF85162A427692005E9575 /* PBXContainerItemProxy */;
		};
/* End PBXTargetDependency section */

/* Begin XCBuildConfiguration section */
		97FF84BC2A412DC1005E9575 /* Debug */ = {
			isa = XCBuildConfiguration;
			buildSettings = {
				ALWAYS_SEARCH_USER_PATHS = NO;
				CLANG_ANALYZER_NONNULL = YES;
				CLANG_ANALYZER_NUMBER_OBJECT_CONVERSION = YES_AGGRESSIVE;
				CLANG_CXX_LANGUAGE_STANDARD = "gnu++20";
				CLANG_ENABLE_MODULES = YES;
				CLANG_ENABLE_OBJC_ARC = YES;
				CLANG_ENABLE_OBJC_WEAK = YES;
				CLANG_WARN_BLOCK_CAPTURE_AUTORELEASING = YES;
				CLANG_WARN_BOOL_CONVERSION = YES;
				CLANG_WARN_COMMA = YES;
				CLANG_WARN_CONSTANT_CONVERSION = YES;
				CLANG_WARN_DEPRECATED_OBJC_IMPLEMENTATIONS = YES;
				CLANG_WARN_DIRECT_OBJC_ISA_USAGE = YES_ERROR;
				CLANG_WARN_DOCUMENTATION_COMMENTS = YES;
				CLANG_WARN_EMPTY_BODY = YES;
				CLANG_WARN_ENUM_CONVERSION = YES;
				CLANG_WARN_INFINITE_RECURSION = YES;
				CLANG_WARN_INT_CONVERSION = YES;
				CLANG_WARN_NON_LITERAL_NULL_CONVERSION = YES;
				CLANG_WARN_OBJC_IMPLICIT_RETAIN_SELF = YES;
				CLANG_WARN_OBJC_LITERAL_CONVERSION = YES;
				CLANG_WARN_OBJC_ROOT_CLASS = YES_ERROR;
				CLANG_WARN_QUOTED_INCLUDE_IN_FRAMEWORK_HEADER = YES;
				CLANG_WARN_RANGE_LOOP_ANALYSIS = YES;
				CLANG_WARN_STRICT_PROTOTYPES = YES;
				CLANG_WARN_SUSPICIOUS_MOVE = YES;
				CLANG_WARN_UNGUARDED_AVAILABILITY = YES_AGGRESSIVE;
				CLANG_WARN_UNREACHABLE_CODE = YES;
				CLANG_WARN__DUPLICATE_METHOD_MATCH = YES;
				COPY_PHASE_STRIP = NO;
				DEBUG_INFORMATION_FORMAT = dwarf;
				ENABLE_STRICT_OBJC_MSGSEND = YES;
				ENABLE_TESTABILITY = YES;
				GCC_C_LANGUAGE_STANDARD = gnu11;
				GCC_DYNAMIC_NO_PIC = NO;
				GCC_NO_COMMON_BLOCKS = YES;
				GCC_OPTIMIZATION_LEVEL = 0;
				GCC_PREPROCESSOR_DEFINITIONS = (
					"DEBUG=1",
					"$(inherited)",
				);
				GCC_WARN_64_TO_32_BIT_CONVERSION = YES;
				GCC_WARN_ABOUT_RETURN_TYPE = YES_ERROR;
				GCC_WARN_UNDECLARED_SELECTOR = YES;
				GCC_WARN_UNINITIALIZED_AUTOS = YES_AGGRESSIVE;
				GCC_WARN_UNUSED_FUNCTION = YES;
				GCC_WARN_UNUSED_VARIABLE = YES;
				IPHONEOS_DEPLOYMENT_TARGET = 16.4;
				MTL_ENABLE_DEBUG_INFO = INCLUDE_SOURCE;
				MTL_FAST_MATH = YES;
				ONLY_ACTIVE_ARCH = YES;
				SDKROOT = iphoneos;
				SWIFT_ACTIVE_COMPILATION_CONDITIONS = DEBUG;
				SWIFT_OPTIMIZATION_LEVEL = "-Onone";
			};
			name = Debug;
		};
		97FF84BD2A412DC1005E9575 /* Release */ = {
			isa = XCBuildConfiguration;
			buildSettings = {
				ALWAYS_SEARCH_USER_PATHS = NO;
				CLANG_ANALYZER_NONNULL = YES;
				CLANG_ANALYZER_NUMBER_OBJECT_CONVERSION = YES_AGGRESSIVE;
				CLANG_CXX_LANGUAGE_STANDARD = "gnu++20";
				CLANG_ENABLE_MODULES = YES;
				CLANG_ENABLE_OBJC_ARC = YES;
				CLANG_ENABLE_OBJC_WEAK = YES;
				CLANG_WARN_BLOCK_CAPTURE_AUTORELEASING = YES;
				CLANG_WARN_BOOL_CONVERSION = YES;
				CLANG_WARN_COMMA = YES;
				CLANG_WARN_CONSTANT_CONVERSION = YES;
				CLANG_WARN_DEPRECATED_OBJC_IMPLEMENTATIONS = YES;
				CLANG_WARN_DIRECT_OBJC_ISA_USAGE = YES_ERROR;
				CLANG_WARN_DOCUMENTATION_COMMENTS = YES;
				CLANG_WARN_EMPTY_BODY = YES;
				CLANG_WARN_ENUM_CONVERSION = YES;
				CLANG_WARN_INFINITE_RECURSION = YES;
				CLANG_WARN_INT_CONVERSION = YES;
				CLANG_WARN_NON_LITERAL_NULL_CONVERSION = YES;
				CLANG_WARN_OBJC_IMPLICIT_RETAIN_SELF = YES;
				CLANG_WARN_OBJC_LITERAL_CONVERSION = YES;
				CLANG_WARN_OBJC_ROOT_CLASS = YES_ERROR;
				CLANG_WARN_QUOTED_INCLUDE_IN_FRAMEWORK_HEADER = YES;
				CLANG_WARN_RANGE_LOOP_ANALYSIS = YES;
				CLANG_WARN_STRICT_PROTOTYPES = YES;
				CLANG_WARN_SUSPICIOUS_MOVE = YES;
				CLANG_WARN_UNGUARDED_AVAILABILITY = YES_AGGRESSIVE;
				CLANG_WARN_UNREACHABLE_CODE = YES;
				CLANG_WARN__DUPLICATE_METHOD_MATCH = YES;
				COPY_PHASE_STRIP = NO;
				DEBUG_INFORMATION_FORMAT = "dwarf-with-dsym";
				ENABLE_NS_ASSERTIONS = NO;
				ENABLE_STRICT_OBJC_MSGSEND = YES;
				GCC_C_LANGUAGE_STANDARD = gnu11;
				GCC_NO_COMMON_BLOCKS = YES;
				GCC_WARN_64_TO_32_BIT_CONVERSION = YES;
				GCC_WARN_ABOUT_RETURN_TYPE = YES_ERROR;
				GCC_WARN_UNDECLARED_SELECTOR = YES;
				GCC_WARN_UNINITIALIZED_AUTOS = YES_AGGRESSIVE;
				GCC_WARN_UNUSED_FUNCTION = YES;
				GCC_WARN_UNUSED_VARIABLE = YES;
				IPHONEOS_DEPLOYMENT_TARGET = 16.4;
				MTL_ENABLE_DEBUG_INFO = NO;
				MTL_FAST_MATH = YES;
				SDKROOT = iphoneos;
				SWIFT_COMPILATION_MODE = wholemodule;
				SWIFT_OPTIMIZATION_LEVEL = "-O";
				VALIDATE_PRODUCT = YES;
			};
			name = Release;
		};
		97FF84BF2A412DC1005E9575 /* Debug */ = {
			isa = XCBuildConfiguration;
			buildSettings = {
				ALWAYS_EMBED_SWIFT_STANDARD_LIBRARIES = YES;
				ASSETCATALOG_COMPILER_APPICON_NAME = AppIcon;
				ASSETCATALOG_COMPILER_GLOBAL_ACCENT_COLOR_NAME = AccentColor;
				CODE_SIGN_STYLE = Automatic;
				CURRENT_PROJECT_VERSION = 1;
				DEVELOPMENT_ASSET_PATHS = "\"AppleWatchConnect/Preview Content\"";
				DEVELOPMENT_TEAM = QPFN433VKH;
				ENABLE_PREVIEWS = YES;
				GENERATE_INFOPLIST_FILE = YES;
				INFOPLIST_KEY_UIApplicationSceneManifest_Generation = YES;
				INFOPLIST_KEY_UIApplicationSupportsIndirectInputEvents = YES;
				INFOPLIST_KEY_UILaunchScreen_Generation = YES;
				INFOPLIST_KEY_UISupportedInterfaceOrientations_iPad = "UIInterfaceOrientationPortrait UIInterfaceOrientationPortraitUpsideDown UIInterfaceOrientationLandscapeLeft UIInterfaceOrientationLandscapeRight";
				INFOPLIST_KEY_UISupportedInterfaceOrientations_iPhone = "UIInterfaceOrientationPortrait UIInterfaceOrientationLandscapeLeft UIInterfaceOrientationLandscapeRight";
				IPHONEOS_DEPLOYMENT_TARGET = 16.0;
				LD_RUNPATH_SEARCH_PATHS = (
					"$(inherited)",
					"@executable_path/Frameworks",
				);
				MARKETING_VERSION = 1.0;
				PRODUCT_BUNDLE_IDENTIFIER = com.AppleWatchConnect;
				PRODUCT_NAME = "$(TARGET_NAME)";
				SWIFT_EMIT_LOC_STRINGS = YES;
				SWIFT_VERSION = 5.0;
				TARGETED_DEVICE_FAMILY = "1,2";
			};
			name = Debug;
		};
		97FF84C02A412DC1005E9575 /* Release */ = {
			isa = XCBuildConfiguration;
			buildSettings = {
				ALWAYS_EMBED_SWIFT_STANDARD_LIBRARIES = YES;
				ASSETCATALOG_COMPILER_APPICON_NAME = AppIcon;
				ASSETCATALOG_COMPILER_GLOBAL_ACCENT_COLOR_NAME = AccentColor;
				CODE_SIGN_STYLE = Automatic;
				CURRENT_PROJECT_VERSION = 1;
				DEVELOPMENT_ASSET_PATHS = "\"AppleWatchConnect/Preview Content\"";
				DEVELOPMENT_TEAM = QPFN433VKH;
				ENABLE_PREVIEWS = YES;
				GENERATE_INFOPLIST_FILE = YES;
				INFOPLIST_KEY_UIApplicationSceneManifest_Generation = YES;
				INFOPLIST_KEY_UIApplicationSupportsIndirectInputEvents = YES;
				INFOPLIST_KEY_UILaunchScreen_Generation = YES;
				INFOPLIST_KEY_UISupportedInterfaceOrientations_iPad = "UIInterfaceOrientationPortrait UIInterfaceOrientationPortraitUpsideDown UIInterfaceOrientationLandscapeLeft UIInterfaceOrientationLandscapeRight";
				INFOPLIST_KEY_UISupportedInterfaceOrientations_iPhone = "UIInterfaceOrientationPortrait UIInterfaceOrientationLandscapeLeft UIInterfaceOrientationLandscapeRight";
				IPHONEOS_DEPLOYMENT_TARGET = 16.0;
				LD_RUNPATH_SEARCH_PATHS = (
					"$(inherited)",
					"@executable_path/Frameworks",
				);
				MARKETING_VERSION = 1.0;
				PRODUCT_BUNDLE_IDENTIFIER = com.AppleWatchConnect;
				PRODUCT_NAME = "$(TARGET_NAME)";
				SWIFT_EMIT_LOC_STRINGS = YES;
				SWIFT_VERSION = 5.0;
				TARGETED_DEVICE_FAMILY = "1,2";
			};
			name = Release;
		};
		97FF851A2A427692005E9575 /* Debug */ = {
			isa = XCBuildConfiguration;
			buildSettings = {
				ASSETCATALOG_COMPILER_APPICON_NAME = AppIcon;
				ASSETCATALOG_COMPILER_GLOBAL_ACCENT_COLOR_NAME = AccentColor;
				CODE_SIGN_STYLE = Automatic;
				CURRENT_PROJECT_VERSION = 1;
				DEVELOPMENT_ASSET_PATHS = "\"WatchApp Watch App/Preview Content\"";
				DEVELOPMENT_TEAM = QPFN433VKH;
				ENABLE_PREVIEWS = YES;
				GENERATE_INFOPLIST_FILE = YES;
				INFOPLIST_KEY_CFBundleDisplayName = WatchApp;
				INFOPLIST_KEY_UISupportedInterfaceOrientations = "UIInterfaceOrientationPortrait UIInterfaceOrientationPortraitUpsideDown";
				INFOPLIST_KEY_WKCompanionAppBundleIdentifier = com.AppleWatchConnect;
				LD_RUNPATH_SEARCH_PATHS = (
					"$(inherited)",
					"@executable_path/Frameworks",
				);
				MARKETING_VERSION = 1.0;
				PRODUCT_BUNDLE_IDENTIFIER = com.AppleWatchConnect.watchkitapp;
				PRODUCT_NAME = "$(TARGET_NAME)";
				SDKROOT = watchos;
				SKIP_INSTALL = YES;
				SWIFT_EMIT_LOC_STRINGS = YES;
				SWIFT_VERSION = 5.0;
				TARGETED_DEVICE_FAMILY = 4;
				WATCHOS_DEPLOYMENT_TARGET = 9.0;
			};
			name = Debug;
		};
		97FF851B2A427692005E9575 /* Release */ = {
			isa = XCBuildConfiguration;
			buildSettings = {
				ASSETCATALOG_COMPILER_APPICON_NAME = AppIcon;
				ASSETCATALOG_COMPILER_GLOBAL_ACCENT_COLOR_NAME = AccentColor;
				CODE_SIGN_STYLE = Automatic;
				CURRENT_PROJECT_VERSION = 1;
				DEVELOPMENT_ASSET_PATHS = "\"WatchApp Watch App/Preview Content\"";
				DEVELOPMENT_TEAM = QPFN433VKH;
				ENABLE_PREVIEWS = YES;
				GENERATE_INFOPLIST_FILE = YES;
				INFOPLIST_KEY_CFBundleDisplayName = WatchApp;
				INFOPLIST_KEY_UISupportedInterfaceOrientations = "UIInterfaceOrientationPortrait UIInterfaceOrientationPortraitUpsideDown";
				INFOPLIST_KEY_WKCompanionAppBundleIdentifier = com.AppleWatchConnect;
				LD_RUNPATH_SEARCH_PATHS = (
					"$(inherited)",
					"@executable_path/Frameworks",
				);
				MARKETING_VERSION = 1.0;
				PRODUCT_BUNDLE_IDENTIFIER = com.AppleWatchConnect.watchkitapp;
				PRODUCT_NAME = "$(TARGET_NAME)";
				SDKROOT = watchos;
				SKIP_INSTALL = YES;
				SWIFT_EMIT_LOC_STRINGS = YES;
				SWIFT_VERSION = 5.0;
				TARGETED_DEVICE_FAMILY = 4;
				WATCHOS_DEPLOYMENT_TARGET = 9.0;
			};
			name = Release;
		};
/* End XCBuildConfiguration section */

/* Begin XCConfigurationList section */
		97FF84AB2A412DBF005E9575 /* Build configuration list for PBXProject "AppleWatchConnect" */ = {
			isa = XCConfigurationList;
			buildConfigurations = (
				97FF84BC2A412DC1005E9575 /* Debug */,
				97FF84BD2A412DC1005E9575 /* Release */,
			);
			defaultConfigurationIsVisible = 0;
			defaultConfigurationName = Release;
		};
		97FF84BE2A412DC1005E9575 /* Build configuration list for PBXNativeTarget "AppleWatchConnect" */ = {
			isa = XCConfigurationList;
			buildConfigurations = (
				97FF84BF2A412DC1005E9575 /* Debug */,
				97FF84C02A412DC1005E9575 /* Release */,
			);
			defaultConfigurationIsVisible = 0;
			defaultConfigurationName = Release;
		};
		97FF85192A427692005E9575 /* Build configuration list for PBXNativeTarget "WatchApp Watch App" */ = {
			isa = XCConfigurationList;
			buildConfigurations = (
				97FF851A2A427692005E9575 /* Debug */,
				97FF851B2A427692005E9575 /* Release */,
			);
			defaultConfigurationIsVisible = 0;
			defaultConfigurationName = Release;
		};
/* End XCConfigurationList section */
	};
	rootObject = 97FF84A82A412DBF005E9575 /* Project object */;
}
